
Microsoft Visual Studio Solution File, Format Version 12.00
# Visual Studio Version 17
VisualStudioVersion = 17.10.35004.147
MinimumVisualStudioVersion = 10.0.40219.1
Project("{FAE04EC0-301F-11D3-BF4B-00C04F79EFBC}") = "CompositePatternAndWasm", "CompositePatternAndWasm\CompositePatternAndWasm.csproj", "{EEFE0B01-A496-470E-B870-ADB67D754523}"
EndProject
Global
	GlobalSection(SolutionConfigurationPlatforms) = preSolution
		Debug|Any CPU = Debug|Any CPU
		Release|Any CPU = Release|Any CPU
	EndGlobalSection
	GlobalSection(ProjectConfigurationPlatforms) = postSolution
		{EEFE0B01-A496-470E-B870-ADB67D754523}.Debug|Any CPU.ActiveCfg = Debug|Any CPU
		{EEFE0B01-A496-470E-B870-ADB67D754523}.Debug|Any CPU.Build.0 = Debug|Any CPU
		{EEFE0B01-A496-470E-B870-ADB67D754523}.Release|Any CPU.ActiveCfg = Release|Any CPU
		{EEFE0B01-A496-470E-B870-ADB67D754523}.Release|Any CPU.Build.0 = Release|Any CPU
	EndGlobalSection
	GlobalSection(SolutionProperties) = preSolution
		HideSolutionNode = FALSE
	EndGlobalSection
	GlobalSection(ExtensibilityGlobals) = postSolution
		SolutionGuid = {02667DA0-1B90-4D68-BEC4-152610857341}
	EndGlobalSection
EndGlobal
